{
    "_readme": [
        "This file locks the dependencies of your project to a known state",
        "Read more about it at http://getcomposer.org/doc/01-basic-usage.md#composer-lock-the-lock-file"
    ],
    "hash": "4fc842566194258d14f09c889069874d",
    "packages": [
        {
            "name": "mos/cdatabase",
            "version": "dev-master",
            "source": {
                "type": "git",
                "url": "https://github.com/mosbth/cdatabase.git",
                "reference": "f48498776ff6361dceed9dc57ce8dc03d6510ca1"
            },
            "dist": {
                "type": "zip",
                "url": "https://api.github.com/repos/mosbth/cdatabase/zipball/f48498776ff6361dceed9dc57ce8dc03d6510ca1",
                "reference": "f48498776ff6361dceed9dc57ce8dc03d6510ca1",
                "shasum": ""
            },
            "require": {
                "php": ">=5.4"
            },
            "type": "library",
            "autoload": {
                "psr-4": {
                    "Mos\\": "src/"
                }
            },
            "notification-url": "https://packagist.org/downloads/",
            "license": [
                "MIT"
            ],
            "authors": [
                {
                    "name": "Mikael Roos",
                    "email": "me@mikaelroos.se",
                    "homepage": "http://mikaelroos.se",
                    "role": "Developer"
                }
            ],
            "description": "PHP classes for database handling upon PDO",
            "homepage": "http://dbwebb.se",
            "keywords": [
                "education",
                "framework",
                "micro",
                "module",
                "mvc"
            ],
            "time": "2014-04-17 09:32:55"
        },
        {
            "name": "mos/cform",
            "version": "2.x-dev",
            "source": {
                "type": "git",
                "url": "https://github.com/mosbth/cform.git",
                "reference": "76b6c9ea4b4c84ee07d25f325dfc70f7f9952d23"
            },
            "dist": {
                "type": "zip",
                "url": "https://api.github.com/repos/mosbth/cform/zipball/76b6c9ea4b4c84ee07d25f325dfc70f7f9952d23",
                "reference": "76b6c9ea4b4c84ee07d25f325dfc70f7f9952d23",
                "shasum": ""
            },
            "require": {
                "php": ">=5.4"
            },
            "type": "library",
            "autoload": {
                "psr-4": {
                    "Mos\\": "src/"
                }
            },
            "notification-url": "https://packagist.org/downloads/",
            "license": [
                "MIT"
            ],
            "authors": [
                {
                    "name": "Mikael Roos",
                    "email": "me@mikaelroos.se",
                    "homepage": "http://mikaelroos.se",
                    "role": "Developer"
                }
            ],
            "description": "Classes for HTML Forms",
            "homepage": "http://dbwebb.se/",
            "keywords": [
                "Forms",
                "education",
                "html"
            ],
            "time": "2014-04-16 23:43:58"
        },
        {
            "name": "phpmvc/comment",
            "version": "dev-master",
            "source": {
                "type": "git",
                "url": "https://github.com/mosbth/phpmvc-comment.git",
                "reference": "ea5c43e8bb3f723d6fb69c892500d26c7390eb37"
            },
            "dist": {
                "type": "zip",
                "url": "https://api.github.com/repos/mosbth/phpmvc-comment/zipball/ea5c43e8bb3f723d6fb69c892500d26c7390eb37",
                "reference": "ea5c43e8bb3f723d6fb69c892500d26c7390eb37",
                "shasum": ""
            },
            "require": {
                "php": ">=5.4"
            },
            "type": "library",
            "autoload": {
                "psr-4": {
                    "Phpmvc\\": "src/"
                }
            },
            "notification-url": "https://packagist.org/downloads/",
            "license": [
                "MIT"
            ],
            "authors": [
                {
                    "name": "Mikael Roos",
                    "email": "me@mikaelroos.se",
                    "homepage": "http://mikaelroos.se",
                    "role": "Developer"
                }
            ],
            "description": "Various base classes for comments management",
            "homepage": "http://dbwebb.se",
            "keywords": [
                "comments",
                "education"
            ],
            "time": "2014-04-02 12:59:02"
        }
    ],
    "packages-dev": null,
    "aliases": [

    ],
    "minimum-stability": "stable",
    "stability-flags": {
        "phpmvc/comment": 20,
        "mos/cform": 20,
        "mos/cdatabase": 20,
        "satooshi/php-coveralls": 20
    },
    "platform": {
        "php": ">=5.4"
    },
    "platform-dev": [

    ]
}
